
Microsoft Visual Studio Solution File, Format Version 12.00
# Visual Studio 15
VisualStudioVersion = 15.0.28010.2016
MinimumVisualStudioVersion = 10.0.40219.1
Project("{FAE04EC0-301F-11D3-BF4B-00C04F79EFBC}") = "Tracer", "Tracer\Tracer.csproj", "{D94753AF-0D6B-4B1F-AA6D-524F07F2099E}"
EndProject
Global
	GlobalSection(SolutionConfigurationPlatforms) = preSolution
		Debug|Any CPU = Debug|Any CPU
		Release|Any CPU = Release|Any CPU
	EndGlobalSection
	GlobalSection(ProjectConfigurationPlatforms) = postSolution
		{D94753AF-0D6B-4B1F-AA6D-524F07F2099E}.Debug|Any CPU.ActiveCfg = Debug|Any CPU
		{D94753AF-0D6B-4B1F-AA6D-524F07F2099E}.Debug|Any CPU.Build.0 = Debug|Any CPU
		{D94753AF-0D6B-4B1F-AA6D-524F07F2099E}.Release|Any CPU.ActiveCfg = Release|Any CPU
		{D94753AF-0D6B-4B1F-AA6D-524F07F2099E}.Release|Any CPU.Build.0 = Release|Any CPU
	EndGlobalSection
	GlobalSection(SolutionProperties) = preSolution
		HideSolutionNode = FALSE
	EndGlobalSection
	GlobalSection(ExtensibilityGlobals) = postSolution
		SolutionGuid = {4F38907F-F2AC-4BAD-B6FB-4AB61174352F}
	EndGlobalSection
EndGlobal
